
Microsoft Visual Studio Solution File, Format Version 12.00
# Visual Studio Version 17
VisualStudioVersion = 17.3.32901.215
MinimumVisualStudioVersion = 10.0.40219.1
Project("{9A19103F-16F7-4668-BE54-9A1E7A4F7556}") = "UnitTesting", "UnitTesting\UnitTesting.csproj", "{DE9FB9F6-744A-40FC-BF39-7CBEF01E709E}"
EndProject
Project("{9A19103F-16F7-4668-BE54-9A1E7A4F7556}") = "UnitTest", "UnitTest\UnitTest.csproj", "{0B41C23D-A802-47BA-99BF-022A0DFC4BB4}"
EndProject
Global
	GlobalSection(SolutionConfigurationPlatforms) = preSolution
		Debug|Any CPU = Debug|Any CPU
		Release|Any CPU = Release|Any CPU
	EndGlobalSection
	GlobalSection(ProjectConfigurationPlatforms) = postSolution
		{DE9FB9F6-744A-40FC-BF39-7CBEF01E709E}.Debug|Any CPU.ActiveCfg = Debug|Any CPU
		{DE9FB9F6-744A-40FC-BF39-7CBEF01E709E}.Debug|Any CPU.Build.0 = Debug|Any CPU
		{DE9FB9F6-744A-40FC-BF39-7CBEF01E709E}.Release|Any CPU.ActiveCfg = Release|Any CPU
		{DE9FB9F6-744A-40FC-BF39-7CBEF01E709E}.Release|Any CPU.Build.0 = Release|Any CPU
		{0B41C23D-A802-47BA-99BF-022A0DFC4BB4}.Debug|Any CPU.ActiveCfg = Debug|Any CPU
		{0B41C23D-A802-47BA-99BF-022A0DFC4BB4}.Debug|Any CPU.Build.0 = Debug|Any CPU
		{0B41C23D-A802-47BA-99BF-022A0DFC4BB4}.Release|Any CPU.ActiveCfg = Release|Any CPU
		{0B41C23D-A802-47BA-99BF-022A0DFC4BB4}.Release|Any CPU.Build.0 = Release|Any CPU
	EndGlobalSection
	GlobalSection(SolutionProperties) = preSolution
		HideSolutionNode = FALSE
	EndGlobalSection
	GlobalSection(ExtensibilityGlobals) = postSolution
		SolutionGuid = {0FE3B052-C332-42D9-8BDB-C18D526A779A}
	EndGlobalSection
EndGlobal
